
Microsoft Visual Studio Solution File, Format Version 12.00
# Visual Studio 15
VisualStudioVersion = 15.0.27130.2027
MinimumVisualStudioVersion = 10.0.40219.1
Project("{FAE04EC0-301F-11D3-BF4B-00C04F79EFBC}") = "MedicalApplication.API", "MedicalApplication.API\MedicalApplication.API.csproj", "{F167A505-8AE5-4ACC-8200-3B83A354143C}"
EndProject
Global
	GlobalSection(SolutionConfigurationPlatforms) = preSolution
		Debug|Any CPU = Debug|Any CPU
		Release|Any CPU = Release|Any CPU
	EndGlobalSection
	GlobalSection(ProjectConfigurationPlatforms) = postSolution
		{F167A505-8AE5-4ACC-8200-3B83A354143C}.Debug|Any CPU.ActiveCfg = Debug|Any CPU
		{F167A505-8AE5-4ACC-8200-3B83A354143C}.Debug|Any CPU.Build.0 = Debug|Any CPU
		{F167A505-8AE5-4ACC-8200-3B83A354143C}.Release|Any CPU.ActiveCfg = Release|Any CPU
		{F167A505-8AE5-4ACC-8200-3B83A354143C}.Release|Any CPU.Build.0 = Release|Any CPU
	EndGlobalSection
	GlobalSection(SolutionProperties) = preSolution
		HideSolutionNode = FALSE
	EndGlobalSection
	GlobalSection(ExtensibilityGlobals) = postSolution
		SolutionGuid = {D8CDBB15-29A8-4FEC-9DE0-02CF9D64AF48}
	EndGlobalSection
EndGlobal
